
Microsoft Visual Studio Solution File, Format Version 12.00
# Visual Studio 14
VisualStudioVersion = 14.0.24720.0
MinimumVisualStudioVersion = 10.0.40219.1
Project("{2150E333-8FDC-42A3-9474-1A3956D46DE8}") = "CrossCutting", "CrossCutting", "{FD30F399-FC31-4B60-8B79-ED9F0B747A3D}"
EndProject
Project("{2150E333-8FDC-42A3-9474-1A3956D46DE8}") = "Services", "Services", "{6846971D-04D5-4E0F-95A8-426A073F0462}"
EndProject
Project("{2150E333-8FDC-42A3-9474-1A3956D46DE8}") = "Web", "Web", "{FBDAEAB7-14EB-4A8F-8C1B-FDB9035965EB}"
EndProject
Project("{2150E333-8FDC-42A3-9474-1A3956D46DE8}") = "Dominio", "Dominio", "{BB6B9C9F-B6AF-49BB-B192-87132D8550D6}"
EndProject
Project("{2150E333-8FDC-42A3-9474-1A3956D46DE8}") = "Util", "Util", "{9FB57DF4-B53E-4280-9D01-11046698C754}"
EndProject
Project("{2150E333-8FDC-42A3-9474-1A3956D46DE8}") = "Core", "Core", "{B1A04A3E-CDC0-4010-9946-AFC7FE641008}"
EndProject
Project("{2150E333-8FDC-42A3-9474-1A3956D46DE8}") = "DataAccess", "DataAccess", "{DF8C7DE7-09F4-492F-A116-CEC60C4112C1}"
EndProject
Project("{2150E333-8FDC-42A3-9474-1A3956D46DE8}") = "UI", "UI", "{51B0EC2C-A5B4-44BE-B527-4E3896CC6DDF}"
EndProject
Project("{2150E333-8FDC-42A3-9474-1A3956D46DE8}") = "Util", "Util", "{F48AE46C-34B5-4F25-A58A-726147C0E36B}"
EndProject
Project("{2150E333-8FDC-42A3-9474-1A3956D46DE8}") = "ServiceAccess", "ServiceAccess", "{7747DD44-26B5-4A7E-9D6C-F0B79BAE655B}"
EndProject
Global
	GlobalSection(SolutionProperties) = preSolution
		HideSolutionNode = FALSE
	EndGlobalSection
	GlobalSection(NestedProjects) = preSolution
		{BB6B9C9F-B6AF-49BB-B192-87132D8550D6} = {FD30F399-FC31-4B60-8B79-ED9F0B747A3D}
		{9FB57DF4-B53E-4280-9D01-11046698C754} = {FD30F399-FC31-4B60-8B79-ED9F0B747A3D}
		{B1A04A3E-CDC0-4010-9946-AFC7FE641008} = {FBDAEAB7-14EB-4A8F-8C1B-FDB9035965EB}
		{DF8C7DE7-09F4-492F-A116-CEC60C4112C1} = {FBDAEAB7-14EB-4A8F-8C1B-FDB9035965EB}
		{51B0EC2C-A5B4-44BE-B527-4E3896CC6DDF} = {FBDAEAB7-14EB-4A8F-8C1B-FDB9035965EB}
		{F48AE46C-34B5-4F25-A58A-726147C0E36B} = {FBDAEAB7-14EB-4A8F-8C1B-FDB9035965EB}
		{7747DD44-26B5-4A7E-9D6C-F0B79BAE655B} = {FBDAEAB7-14EB-4A8F-8C1B-FDB9035965EB}
	EndGlobalSection
EndGlobal
